
Microsoft Visual Studio Solution File, Format Version 12.00
# Visual Studio Version 16
VisualStudioVersion = 16.0.31025.194
MinimumVisualStudioVersion = 10.0.40219.1
Project("{FAE04EC0-301F-11D3-BF4B-00C04F79EFBC}") = "Geometry", "Geometry.csproj", "{7A5E2534-72EE-4845-ACE5-FE19480F3653}"
EndProject
Project("{FAE04EC0-301F-11D3-BF4B-00C04F79EFBC}") = "Geometry.Library", "..\Geometry.Library\Geometry.Library.csproj", "{17A0888B-BAD4-4D35-ABA6-5BEB3F176BEF}"
EndProject
Project("{FAE04EC0-301F-11D3-BF4B-00C04F79EFBC}") = "Geometry.Library.Tests", "..\Geometry.Library.Tests\Geometry.Library.Tests.csproj", "{80AF7273-04C1-4ACC-B9AC-EA482146D753}"
EndProject
Global
	GlobalSection(SolutionConfigurationPlatforms) = preSolution
		Debug|Any CPU = Debug|Any CPU
		Release|Any CPU = Release|Any CPU
	EndGlobalSection
	GlobalSection(ProjectConfigurationPlatforms) = postSolution
		{7A5E2534-72EE-4845-ACE5-FE19480F3653}.Debug|Any CPU.ActiveCfg = Debug|Any CPU
		{7A5E2534-72EE-4845-ACE5-FE19480F3653}.Debug|Any CPU.Build.0 = Debug|Any CPU
		{7A5E2534-72EE-4845-ACE5-FE19480F3653}.Release|Any CPU.ActiveCfg = Release|Any CPU
		{7A5E2534-72EE-4845-ACE5-FE19480F3653}.Release|Any CPU.Build.0 = Release|Any CPU
		{17A0888B-BAD4-4D35-ABA6-5BEB3F176BEF}.Debug|Any CPU.ActiveCfg = Debug|Any CPU
		{17A0888B-BAD4-4D35-ABA6-5BEB3F176BEF}.Debug|Any CPU.Build.0 = Debug|Any CPU
		{17A0888B-BAD4-4D35-ABA6-5BEB3F176BEF}.Release|Any CPU.ActiveCfg = Release|Any CPU
		{17A0888B-BAD4-4D35-ABA6-5BEB3F176BEF}.Release|Any CPU.Build.0 = Release|Any CPU
		{80AF7273-04C1-4ACC-B9AC-EA482146D753}.Debug|Any CPU.ActiveCfg = Debug|Any CPU
		{80AF7273-04C1-4ACC-B9AC-EA482146D753}.Debug|Any CPU.Build.0 = Debug|Any CPU
		{80AF7273-04C1-4ACC-B9AC-EA482146D753}.Release|Any CPU.ActiveCfg = Release|Any CPU
		{80AF7273-04C1-4ACC-B9AC-EA482146D753}.Release|Any CPU.Build.0 = Release|Any CPU
	EndGlobalSection
	GlobalSection(SolutionProperties) = preSolution
		HideSolutionNode = FALSE
	EndGlobalSection
	GlobalSection(ExtensibilityGlobals) = postSolution
		SolutionGuid = {91B1878C-DE0D-40CC-9444-237E38B5CB8F}
	EndGlobalSection
EndGlobal
