
Microsoft Visual Studio Solution File, Format Version 12.00
# Visual Studio Version 16
VisualStudioVersion = 16.0.31112.23
MinimumVisualStudioVersion = 10.0.40219.1
Project("{FAE04EC0-301F-11D3-BF4B-00C04F79EFBC}") = "WebbShopFront", "WebbShopFront\WebbShopFront.csproj", "{81C4569D-9EF6-4D41-971A-524C5132D2A3}"
EndProject
Project("{9A19103F-16F7-4668-BE54-9A1E7A4F7556}") = "WebbShopApi", "..\Webshop\Webshop\WebbShopApi.csproj", "{A51B676F-3A73-49D9-9009-7829F5F1C709}"
EndProject
Global
	GlobalSection(SolutionConfigurationPlatforms) = preSolution
		Debug|Any CPU = Debug|Any CPU
		Release|Any CPU = Release|Any CPU
	EndGlobalSection
	GlobalSection(ProjectConfigurationPlatforms) = postSolution
		{81C4569D-9EF6-4D41-971A-524C5132D2A3}.Debug|Any CPU.ActiveCfg = Debug|Any CPU
		{81C4569D-9EF6-4D41-971A-524C5132D2A3}.Debug|Any CPU.Build.0 = Debug|Any CPU
		{81C4569D-9EF6-4D41-971A-524C5132D2A3}.Release|Any CPU.ActiveCfg = Release|Any CPU
		{81C4569D-9EF6-4D41-971A-524C5132D2A3}.Release|Any CPU.Build.0 = Release|Any CPU
		{A51B676F-3A73-49D9-9009-7829F5F1C709}.Debug|Any CPU.ActiveCfg = Debug|Any CPU
		{A51B676F-3A73-49D9-9009-7829F5F1C709}.Debug|Any CPU.Build.0 = Debug|Any CPU
		{A51B676F-3A73-49D9-9009-7829F5F1C709}.Release|Any CPU.ActiveCfg = Release|Any CPU
		{A51B676F-3A73-49D9-9009-7829F5F1C709}.Release|Any CPU.Build.0 = Release|Any CPU
	EndGlobalSection
	GlobalSection(SolutionProperties) = preSolution
		HideSolutionNode = FALSE
	EndGlobalSection
	GlobalSection(ExtensibilityGlobals) = postSolution
		SolutionGuid = {AF0C2110-05A6-4FA0-8DFA-924779BB387D}
	EndGlobalSection
EndGlobal
