
Microsoft Visual Studio Solution File, Format Version 12.00
# Visual Studio Version 16
VisualStudioVersion = 16.0.30907.101
MinimumVisualStudioVersion = 10.0.40219.1
Project("{FAE04EC0-301F-11D3-BF4B-00C04F79EFBC}") = "AssignmentThree", "AssignmentThree\AssignmentThree.csproj", "{08B8C4F1-427E-45DA-A788-2CA46A07D6D5}"
EndProject
Project("{9A19103F-16F7-4668-BE54-9A1E7A4F7556}") = "AssignmentTwo", "..\AssignmentTwo\AssignmentTwo\AssignmentTwo.csproj", "{FD62D1DE-2816-42F4-8BA4-47D5A2C71F2C}"
EndProject
Global
	GlobalSection(SolutionConfigurationPlatforms) = preSolution
		Debug|Any CPU = Debug|Any CPU
		Release|Any CPU = Release|Any CPU
	EndGlobalSection
	GlobalSection(ProjectConfigurationPlatforms) = postSolution
		{08B8C4F1-427E-45DA-A788-2CA46A07D6D5}.Debug|Any CPU.ActiveCfg = Debug|Any CPU
		{08B8C4F1-427E-45DA-A788-2CA46A07D6D5}.Debug|Any CPU.Build.0 = Debug|Any CPU
		{08B8C4F1-427E-45DA-A788-2CA46A07D6D5}.Release|Any CPU.ActiveCfg = Release|Any CPU
		{08B8C4F1-427E-45DA-A788-2CA46A07D6D5}.Release|Any CPU.Build.0 = Release|Any CPU
		{FD62D1DE-2816-42F4-8BA4-47D5A2C71F2C}.Debug|Any CPU.ActiveCfg = Debug|Any CPU
		{FD62D1DE-2816-42F4-8BA4-47D5A2C71F2C}.Debug|Any CPU.Build.0 = Debug|Any CPU
		{FD62D1DE-2816-42F4-8BA4-47D5A2C71F2C}.Release|Any CPU.ActiveCfg = Release|Any CPU
		{FD62D1DE-2816-42F4-8BA4-47D5A2C71F2C}.Release|Any CPU.Build.0 = Release|Any CPU
	EndGlobalSection
	GlobalSection(SolutionProperties) = preSolution
		HideSolutionNode = FALSE
	EndGlobalSection
	GlobalSection(ExtensibilityGlobals) = postSolution
		SolutionGuid = {76BFD4FB-FF25-4D7C-B8D6-605243A5705F}
	EndGlobalSection
EndGlobal
