
Microsoft Visual Studio Solution File, Format Version 12.00
# Visual Studio Version 16
VisualStudioVersion = 16.0.31005.135
MinimumVisualStudioVersion = 10.0.40219.1
Project("{9A19103F-16F7-4668-BE54-9A1E7A4F7556}") = "TDDInlämning1", "TDDInlämning\TDDInlämning1.csproj", "{2C988D48-8625-496C-91C3-D97C16122FF4}"
EndProject
Project("{FAE04EC0-301F-11D3-BF4B-00C04F79EFBC}") = "GeometricTests", "GeometricTests\GeometricTests.csproj", "{EF33DC4E-D10F-4F09-A6A4-847F7F877444}"
EndProject
Global
	GlobalSection(SolutionConfigurationPlatforms) = preSolution
		Debug|Any CPU = Debug|Any CPU
		Release|Any CPU = Release|Any CPU
	EndGlobalSection
	GlobalSection(ProjectConfigurationPlatforms) = postSolution
		{2C988D48-8625-496C-91C3-D97C16122FF4}.Debug|Any CPU.ActiveCfg = Debug|Any CPU
		{2C988D48-8625-496C-91C3-D97C16122FF4}.Debug|Any CPU.Build.0 = Debug|Any CPU
		{2C988D48-8625-496C-91C3-D97C16122FF4}.Release|Any CPU.ActiveCfg = Release|Any CPU
		{2C988D48-8625-496C-91C3-D97C16122FF4}.Release|Any CPU.Build.0 = Release|Any CPU
		{EF33DC4E-D10F-4F09-A6A4-847F7F877444}.Debug|Any CPU.ActiveCfg = Debug|Any CPU
		{EF33DC4E-D10F-4F09-A6A4-847F7F877444}.Debug|Any CPU.Build.0 = Debug|Any CPU
		{EF33DC4E-D10F-4F09-A6A4-847F7F877444}.Release|Any CPU.ActiveCfg = Release|Any CPU
		{EF33DC4E-D10F-4F09-A6A4-847F7F877444}.Release|Any CPU.Build.0 = Release|Any CPU
	EndGlobalSection
	GlobalSection(SolutionProperties) = preSolution
		HideSolutionNode = FALSE
	EndGlobalSection
	GlobalSection(ExtensibilityGlobals) = postSolution
		SolutionGuid = {E2057941-A511-462E-A456-485AB1B4E076}
	EndGlobalSection
EndGlobal
