
Microsoft Visual Studio Solution File, Format Version 12.00
# Visual Studio Version 16
VisualStudioVersion = 16.0.31112.23
MinimumVisualStudioVersion = 10.0.40219.1
Project("{FAE04EC0-301F-11D3-BF4B-00C04F79EFBC}") = "MVCConsoleDemo", "MVCConsoleDemo\MVCConsoleDemo.csproj", "{F3A92161-CE0C-42F7-8675-D203D25C3A50}"
EndProject
Global
	GlobalSection(SolutionConfigurationPlatforms) = preSolution
		Debug|Any CPU = Debug|Any CPU
		Release|Any CPU = Release|Any CPU
	EndGlobalSection
	GlobalSection(ProjectConfigurationPlatforms) = postSolution
		{F3A92161-CE0C-42F7-8675-D203D25C3A50}.Debug|Any CPU.ActiveCfg = Debug|Any CPU
		{F3A92161-CE0C-42F7-8675-D203D25C3A50}.Debug|Any CPU.Build.0 = Debug|Any CPU
		{F3A92161-CE0C-42F7-8675-D203D25C3A50}.Release|Any CPU.ActiveCfg = Release|Any CPU
		{F3A92161-CE0C-42F7-8675-D203D25C3A50}.Release|Any CPU.Build.0 = Release|Any CPU
	EndGlobalSection
	GlobalSection(SolutionProperties) = preSolution
		HideSolutionNode = FALSE
	EndGlobalSection
	GlobalSection(ExtensibilityGlobals) = postSolution
		SolutionGuid = {E3AE5BF0-5A0D-418A-BE96-D519C72A6AA2}
	EndGlobalSection
EndGlobal
