
Microsoft Visual Studio Solution File, Format Version 12.00
# Visual Studio Version 16
VisualStudioVersion = 16.0.31019.35
MinimumVisualStudioVersion = 10.0.40219.1
Project("{FAE04EC0-301F-11D3-BF4B-00C04F79EFBC}") = "BookWebShop", "BookWebShop\BookWebShop.csproj", "{BA3DDBC3-E305-43C7-8076-5EEBCC400B7F}"
EndProject
Global
	GlobalSection(SolutionConfigurationPlatforms) = preSolution
		Debug|Any CPU = Debug|Any CPU
		Release|Any CPU = Release|Any CPU
	EndGlobalSection
	GlobalSection(ProjectConfigurationPlatforms) = postSolution
		{BA3DDBC3-E305-43C7-8076-5EEBCC400B7F}.Debug|Any CPU.ActiveCfg = Debug|Any CPU
		{BA3DDBC3-E305-43C7-8076-5EEBCC400B7F}.Debug|Any CPU.Build.0 = Debug|Any CPU
		{BA3DDBC3-E305-43C7-8076-5EEBCC400B7F}.Release|Any CPU.ActiveCfg = Release|Any CPU
		{BA3DDBC3-E305-43C7-8076-5EEBCC400B7F}.Release|Any CPU.Build.0 = Release|Any CPU
	EndGlobalSection
	GlobalSection(SolutionProperties) = preSolution
		HideSolutionNode = FALSE
	EndGlobalSection
	GlobalSection(ExtensibilityGlobals) = postSolution
		SolutionGuid = {7E02D80D-8EE8-4504-8644-A9A7077232FC}
	EndGlobalSection
EndGlobal
