
Microsoft Visual Studio Solution File, Format Version 12.00
# Visual Studio Version 16
VisualStudioVersion = 16.0.31019.35
MinimumVisualStudioVersion = 10.0.40219.1
Project("{9A19103F-16F7-4668-BE54-9A1E7A4F7556}") = "Geometri", "Geometri\Geometri.csproj", "{5CFD14DA-72A4-4140-AC63-2DBAFCA7933F}"
EndProject
Project("{FAE04EC0-301F-11D3-BF4B-00C04F79EFBC}") = "GeometriTests", "GeometriTests\GeometriTests.csproj", "{621C2D7E-264B-48DE-AB86-B3415EE3CA09}"
EndProject
Global
	GlobalSection(SolutionConfigurationPlatforms) = preSolution
		Debug|Any CPU = Debug|Any CPU
		Release|Any CPU = Release|Any CPU
	EndGlobalSection
	GlobalSection(ProjectConfigurationPlatforms) = postSolution
		{5CFD14DA-72A4-4140-AC63-2DBAFCA7933F}.Debug|Any CPU.ActiveCfg = Debug|Any CPU
		{5CFD14DA-72A4-4140-AC63-2DBAFCA7933F}.Debug|Any CPU.Build.0 = Debug|Any CPU
		{5CFD14DA-72A4-4140-AC63-2DBAFCA7933F}.Release|Any CPU.ActiveCfg = Release|Any CPU
		{5CFD14DA-72A4-4140-AC63-2DBAFCA7933F}.Release|Any CPU.Build.0 = Release|Any CPU
		{621C2D7E-264B-48DE-AB86-B3415EE3CA09}.Debug|Any CPU.ActiveCfg = Debug|Any CPU
		{621C2D7E-264B-48DE-AB86-B3415EE3CA09}.Debug|Any CPU.Build.0 = Debug|Any CPU
		{621C2D7E-264B-48DE-AB86-B3415EE3CA09}.Release|Any CPU.ActiveCfg = Release|Any CPU
		{621C2D7E-264B-48DE-AB86-B3415EE3CA09}.Release|Any CPU.Build.0 = Release|Any CPU
	EndGlobalSection
	GlobalSection(SolutionProperties) = preSolution
		HideSolutionNode = FALSE
	EndGlobalSection
	GlobalSection(ExtensibilityGlobals) = postSolution
		SolutionGuid = {6854758D-262D-4553-A6AC-74CCFB641A4A}
	EndGlobalSection
EndGlobal
