
Microsoft Visual Studio Solution File, Format Version 12.00
# Visual Studio Version 16
VisualStudioVersion = 16.0.31005.135
MinimumVisualStudioVersion = 10.0.40219.1
Project("{FAE04EC0-301F-11D3-BF4B-00C04F79EFBC}") = "webshopAPI", "webshopAPI\webshopAPI.csproj", "{19EA9AF2-E07F-415D-AAEE-F4795A7025CB}"
EndProject
Global
	GlobalSection(SolutionConfigurationPlatforms) = preSolution
		Debug|Any CPU = Debug|Any CPU
		Release|Any CPU = Release|Any CPU
	EndGlobalSection
	GlobalSection(ProjectConfigurationPlatforms) = postSolution
		{19EA9AF2-E07F-415D-AAEE-F4795A7025CB}.Debug|Any CPU.ActiveCfg = Debug|Any CPU
		{19EA9AF2-E07F-415D-AAEE-F4795A7025CB}.Debug|Any CPU.Build.0 = Debug|Any CPU
		{19EA9AF2-E07F-415D-AAEE-F4795A7025CB}.Release|Any CPU.ActiveCfg = Release|Any CPU
		{19EA9AF2-E07F-415D-AAEE-F4795A7025CB}.Release|Any CPU.Build.0 = Release|Any CPU
	EndGlobalSection
	GlobalSection(SolutionProperties) = preSolution
		HideSolutionNode = FALSE
	EndGlobalSection
	GlobalSection(ExtensibilityGlobals) = postSolution
		SolutionGuid = {28004F38-4D8A-462F-B208-4AD18EE475F5}
	EndGlobalSection
EndGlobal
