
Microsoft Visual Studio Solution File, Format Version 12.00
# Visual Studio Version 16
VisualStudioVersion = 16.0.31205.134
MinimumVisualStudioVersion = 10.0.40219.1
Project("{FAE04EC0-301F-11D3-BF4B-00C04F79EFBC}") = "TDDGeometric", "TDDGeometric\TDDGeometric.csproj", "{AFC680D0-1543-4D6D-9452-312FF00EAC95}"
EndProject
Project("{FAE04EC0-301F-11D3-BF4B-00C04F79EFBC}") = "TDDGeometricTests", "TDDGeometricTests\TDDGeometricTests.csproj", "{5FE1EC87-F4FE-4D06-98B8-6D891E8CF703}"
EndProject
Global
	GlobalSection(SolutionConfigurationPlatforms) = preSolution
		Debug|Any CPU = Debug|Any CPU
		Release|Any CPU = Release|Any CPU
	EndGlobalSection
	GlobalSection(ProjectConfigurationPlatforms) = postSolution
		{AFC680D0-1543-4D6D-9452-312FF00EAC95}.Debug|Any CPU.ActiveCfg = Debug|Any CPU
		{AFC680D0-1543-4D6D-9452-312FF00EAC95}.Debug|Any CPU.Build.0 = Debug|Any CPU
		{AFC680D0-1543-4D6D-9452-312FF00EAC95}.Release|Any CPU.ActiveCfg = Release|Any CPU
		{AFC680D0-1543-4D6D-9452-312FF00EAC95}.Release|Any CPU.Build.0 = Release|Any CPU
		{5FE1EC87-F4FE-4D06-98B8-6D891E8CF703}.Debug|Any CPU.ActiveCfg = Debug|Any CPU
		{5FE1EC87-F4FE-4D06-98B8-6D891E8CF703}.Debug|Any CPU.Build.0 = Debug|Any CPU
		{5FE1EC87-F4FE-4D06-98B8-6D891E8CF703}.Release|Any CPU.ActiveCfg = Release|Any CPU
		{5FE1EC87-F4FE-4D06-98B8-6D891E8CF703}.Release|Any CPU.Build.0 = Release|Any CPU
	EndGlobalSection
	GlobalSection(SolutionProperties) = preSolution
		HideSolutionNode = FALSE
	EndGlobalSection
	GlobalSection(ExtensibilityGlobals) = postSolution
		SolutionGuid = {BCA3DA83-A993-4CF6-A302-ABFB6AF52BFD}
	EndGlobalSection
EndGlobal
