
Microsoft Visual Studio Solution File, Format Version 12.00
# Visual Studio Version 16
VisualStudioVersion = 16.0.31112.23
MinimumVisualStudioVersion = 10.0.40219.1
Project("{FAE04EC0-301F-11D3-BF4B-00C04F79EFBC}") = "BookShopFrontEnd", "BookShopFrontEnd\BookShopFrontEnd.csproj", "{5516909B-C26E-4A4D-A2DB-9B658E219D15}"
EndProject
Project("{9A19103F-16F7-4668-BE54-9A1E7A4F7556}") = "WebbShopAPI", "..\WebbShopAPI\WebbShopAPI.csproj", "{C8E8E206-6864-481E-8572-A43F07C29125}"
EndProject
Global
	GlobalSection(SolutionConfigurationPlatforms) = preSolution
		Debug|Any CPU = Debug|Any CPU
		Release|Any CPU = Release|Any CPU
	EndGlobalSection
	GlobalSection(ProjectConfigurationPlatforms) = postSolution
		{5516909B-C26E-4A4D-A2DB-9B658E219D15}.Debug|Any CPU.ActiveCfg = Debug|Any CPU
		{5516909B-C26E-4A4D-A2DB-9B658E219D15}.Debug|Any CPU.Build.0 = Debug|Any CPU
		{5516909B-C26E-4A4D-A2DB-9B658E219D15}.Release|Any CPU.ActiveCfg = Release|Any CPU
		{5516909B-C26E-4A4D-A2DB-9B658E219D15}.Release|Any CPU.Build.0 = Release|Any CPU
		{C8E8E206-6864-481E-8572-A43F07C29125}.Debug|Any CPU.ActiveCfg = Debug|Any CPU
		{C8E8E206-6864-481E-8572-A43F07C29125}.Debug|Any CPU.Build.0 = Debug|Any CPU
		{C8E8E206-6864-481E-8572-A43F07C29125}.Release|Any CPU.ActiveCfg = Release|Any CPU
		{C8E8E206-6864-481E-8572-A43F07C29125}.Release|Any CPU.Build.0 = Release|Any CPU
	EndGlobalSection
	GlobalSection(SolutionProperties) = preSolution
		HideSolutionNode = FALSE
	EndGlobalSection
	GlobalSection(ExtensibilityGlobals) = postSolution
		SolutionGuid = {524FED45-C85F-4280-B253-8FB9CE7CA419}
	EndGlobalSection
EndGlobal
