
Microsoft Visual Studio Solution File, Format Version 12.00
# Visual Studio Version 16
VisualStudioVersion = 16.0.31112.23
MinimumVisualStudioVersion = 10.0.40219.1
Project("{9A19103F-16F7-4668-BE54-9A1E7A4F7556}") = "Geometry", "Geometry\Geometry.csproj", "{582CE14A-DC83-417B-A971-B6B7C2745204}"
EndProject
Project("{FAE04EC0-301F-11D3-BF4B-00C04F79EFBC}") = "GeometricTest", "GeometricTest\GeometricTest.csproj", "{1F569BEF-A24E-4015-AFD0-0AF1FC058DB2}"
EndProject
Global
	GlobalSection(SolutionConfigurationPlatforms) = preSolution
		Debug|Any CPU = Debug|Any CPU
		Release|Any CPU = Release|Any CPU
	EndGlobalSection
	GlobalSection(ProjectConfigurationPlatforms) = postSolution
		{582CE14A-DC83-417B-A971-B6B7C2745204}.Debug|Any CPU.ActiveCfg = Debug|Any CPU
		{582CE14A-DC83-417B-A971-B6B7C2745204}.Debug|Any CPU.Build.0 = Debug|Any CPU
		{582CE14A-DC83-417B-A971-B6B7C2745204}.Release|Any CPU.ActiveCfg = Release|Any CPU
		{582CE14A-DC83-417B-A971-B6B7C2745204}.Release|Any CPU.Build.0 = Release|Any CPU
		{1F569BEF-A24E-4015-AFD0-0AF1FC058DB2}.Debug|Any CPU.ActiveCfg = Debug|Any CPU
		{1F569BEF-A24E-4015-AFD0-0AF1FC058DB2}.Debug|Any CPU.Build.0 = Debug|Any CPU
		{1F569BEF-A24E-4015-AFD0-0AF1FC058DB2}.Release|Any CPU.ActiveCfg = Release|Any CPU
		{1F569BEF-A24E-4015-AFD0-0AF1FC058DB2}.Release|Any CPU.Build.0 = Release|Any CPU
	EndGlobalSection
	GlobalSection(SolutionProperties) = preSolution
		HideSolutionNode = FALSE
	EndGlobalSection
	GlobalSection(ExtensibilityGlobals) = postSolution
		SolutionGuid = {5D76343B-F0CF-4F66-9C42-3B18DEA4F337}
	EndGlobalSection
EndGlobal
