
Microsoft Visual Studio Solution File, Format Version 12.00
# Visual Studio Version 16
VisualStudioVersion = 16.0.31205.134
MinimumVisualStudioVersion = 10.0.40219.1
Project("{FAE04EC0-301F-11D3-BF4B-00C04F79EFBC}") = "CRMImport", "CRMImport\CRMImport.csproj", "{D7511F09-96D9-4717-BBC0-810707F3A9BD}"
EndProject
Global
	GlobalSection(SolutionConfigurationPlatforms) = preSolution
		Debug|Any CPU = Debug|Any CPU
		Release|Any CPU = Release|Any CPU
	EndGlobalSection
	GlobalSection(ProjectConfigurationPlatforms) = postSolution
		{D7511F09-96D9-4717-BBC0-810707F3A9BD}.Debug|Any CPU.ActiveCfg = Debug|Any CPU
		{D7511F09-96D9-4717-BBC0-810707F3A9BD}.Debug|Any CPU.Build.0 = Debug|Any CPU
		{D7511F09-96D9-4717-BBC0-810707F3A9BD}.Release|Any CPU.ActiveCfg = Release|Any CPU
		{D7511F09-96D9-4717-BBC0-810707F3A9BD}.Release|Any CPU.Build.0 = Release|Any CPU
	EndGlobalSection
	GlobalSection(SolutionProperties) = preSolution
		HideSolutionNode = FALSE
	EndGlobalSection
	GlobalSection(ExtensibilityGlobals) = postSolution
		SolutionGuid = {F52503BB-860F-46D1-BB96-08EA6A13BBCC}
	EndGlobalSection
EndGlobal
