
Microsoft Visual Studio Solution File, Format Version 12.00
# Visual Studio Version 16
VisualStudioVersion = 16.0.31025.194
MinimumVisualStudioVersion = 10.0.40219.1
Project("{9A19103F-16F7-4668-BE54-9A1E7A4F7556}") = "Inlämning1-G-Jangerud", "Inlämning1-G-Jangerud.csproj", "{4FA79EB3-8BC6-4B1A-A2DD-256299368B47}"
EndProject
Project("{FAE04EC0-301F-11D3-BF4B-00C04F79EFBC}") = "Inlämning1-G-JangerudTests", "..\Inlämning1-G-JangerudTests\Inlämning1-G-JangerudTests.csproj", "{09CE3886-EE02-46EF-BAAD-ACA0830C1BB0}"
EndProject
Global
	GlobalSection(SolutionConfigurationPlatforms) = preSolution
		Debug|Any CPU = Debug|Any CPU
		Release|Any CPU = Release|Any CPU
	EndGlobalSection
	GlobalSection(ProjectConfigurationPlatforms) = postSolution
		{4FA79EB3-8BC6-4B1A-A2DD-256299368B47}.Debug|Any CPU.ActiveCfg = Debug|Any CPU
		{4FA79EB3-8BC6-4B1A-A2DD-256299368B47}.Debug|Any CPU.Build.0 = Debug|Any CPU
		{4FA79EB3-8BC6-4B1A-A2DD-256299368B47}.Release|Any CPU.ActiveCfg = Release|Any CPU
		{4FA79EB3-8BC6-4B1A-A2DD-256299368B47}.Release|Any CPU.Build.0 = Release|Any CPU
		{09CE3886-EE02-46EF-BAAD-ACA0830C1BB0}.Debug|Any CPU.ActiveCfg = Debug|Any CPU
		{09CE3886-EE02-46EF-BAAD-ACA0830C1BB0}.Debug|Any CPU.Build.0 = Debug|Any CPU
		{09CE3886-EE02-46EF-BAAD-ACA0830C1BB0}.Release|Any CPU.ActiveCfg = Release|Any CPU
		{09CE3886-EE02-46EF-BAAD-ACA0830C1BB0}.Release|Any CPU.Build.0 = Release|Any CPU
	EndGlobalSection
	GlobalSection(SolutionProperties) = preSolution
		HideSolutionNode = FALSE
	EndGlobalSection
	GlobalSection(ExtensibilityGlobals) = postSolution
		SolutionGuid = {3BC7F03D-3E97-4119-8AF7-7A9DEE9DFA85}
	EndGlobalSection
EndGlobal
