
Microsoft Visual Studio Solution File, Format Version 12.00
# Visual Studio Version 16
VisualStudioVersion = 16.0.31129.286
MinimumVisualStudioVersion = 10.0.40219.1
Project("{FAE04EC0-301F-11D3-BF4B-00C04F79EFBC}") = "Geometry", "Geometry\Geometry.csproj", "{86DE4BB7-8484-4F56-B14C-598A417A70F0}"
EndProject
Project("{FAE04EC0-301F-11D3-BF4B-00C04F79EFBC}") = "Geometry.UnitTests", "Geometry.UnitTests\Geometry.UnitTests.csproj", "{B108BBBF-B96D-480C-B687-049E797AF5C9}"
EndProject
Global
	GlobalSection(SolutionConfigurationPlatforms) = preSolution
		Debug|Any CPU = Debug|Any CPU
		Release|Any CPU = Release|Any CPU
	EndGlobalSection
	GlobalSection(ProjectConfigurationPlatforms) = postSolution
		{86DE4BB7-8484-4F56-B14C-598A417A70F0}.Debug|Any CPU.ActiveCfg = Debug|Any CPU
		{86DE4BB7-8484-4F56-B14C-598A417A70F0}.Debug|Any CPU.Build.0 = Debug|Any CPU
		{86DE4BB7-8484-4F56-B14C-598A417A70F0}.Release|Any CPU.ActiveCfg = Release|Any CPU
		{86DE4BB7-8484-4F56-B14C-598A417A70F0}.Release|Any CPU.Build.0 = Release|Any CPU
		{B108BBBF-B96D-480C-B687-049E797AF5C9}.Debug|Any CPU.ActiveCfg = Debug|Any CPU
		{B108BBBF-B96D-480C-B687-049E797AF5C9}.Debug|Any CPU.Build.0 = Debug|Any CPU
		{B108BBBF-B96D-480C-B687-049E797AF5C9}.Release|Any CPU.ActiveCfg = Release|Any CPU
		{B108BBBF-B96D-480C-B687-049E797AF5C9}.Release|Any CPU.Build.0 = Release|Any CPU
	EndGlobalSection
	GlobalSection(SolutionProperties) = preSolution
		HideSolutionNode = FALSE
	EndGlobalSection
	GlobalSection(ExtensibilityGlobals) = postSolution
		SolutionGuid = {7F861191-56BF-4A78-A146-BB7146C274CE}
	EndGlobalSection
EndGlobal
