
Microsoft Visual Studio Solution File, Format Version 12.00
# Visual Studio Version 16
VisualStudioVersion = 16.0.31129.286
MinimumVisualStudioVersion = 10.0.40219.1
Project("{9A19103F-16F7-4668-BE54-9A1E7A4F7556}") = "Geometri", "Geometri.csproj", "{01A1A582-AF11-45A8-8676-B8C35279B4C6}"
EndProject
Project("{FAE04EC0-301F-11D3-BF4B-00C04F79EFBC}") = "GeometriTests", "..\GeometriTests\GeometriTests.csproj", "{7EB86424-70AC-49ED-BC39-2317082B6F5D}"
EndProject
Global
	GlobalSection(SolutionConfigurationPlatforms) = preSolution
		Debug|Any CPU = Debug|Any CPU
		Release|Any CPU = Release|Any CPU
	EndGlobalSection
	GlobalSection(ProjectConfigurationPlatforms) = postSolution
		{01A1A582-AF11-45A8-8676-B8C35279B4C6}.Debug|Any CPU.ActiveCfg = Debug|Any CPU
		{01A1A582-AF11-45A8-8676-B8C35279B4C6}.Debug|Any CPU.Build.0 = Debug|Any CPU
		{01A1A582-AF11-45A8-8676-B8C35279B4C6}.Release|Any CPU.ActiveCfg = Release|Any CPU
		{01A1A582-AF11-45A8-8676-B8C35279B4C6}.Release|Any CPU.Build.0 = Release|Any CPU
		{7EB86424-70AC-49ED-BC39-2317082B6F5D}.Debug|Any CPU.ActiveCfg = Debug|Any CPU
		{7EB86424-70AC-49ED-BC39-2317082B6F5D}.Debug|Any CPU.Build.0 = Debug|Any CPU
		{7EB86424-70AC-49ED-BC39-2317082B6F5D}.Release|Any CPU.ActiveCfg = Release|Any CPU
		{7EB86424-70AC-49ED-BC39-2317082B6F5D}.Release|Any CPU.Build.0 = Release|Any CPU
	EndGlobalSection
	GlobalSection(SolutionProperties) = preSolution
		HideSolutionNode = FALSE
	EndGlobalSection
	GlobalSection(ExtensibilityGlobals) = postSolution
		SolutionGuid = {DC1CEBDB-19F7-4770-AEAE-A9FE2B5F3EEB}
	EndGlobalSection
EndGlobal
