
Microsoft Visual Studio Solution File, Format Version 12.00
# Visual Studio Version 16
VisualStudioVersion = 16.0.31005.135
MinimumVisualStudioVersion = 10.0.40219.1
Project("{FAE04EC0-301F-11D3-BF4B-00C04F79EFBC}") = "GeometricThings", "GeometricThings\GeometricThings.csproj", "{12AB6549-1089-4C05-8C18-116134A16553}"
EndProject
Project("{FAE04EC0-301F-11D3-BF4B-00C04F79EFBC}") = "GeometricThingsTests1", "GeometricThingsTests1\GeometricThingsTests1.csproj", "{5AFE8BB9-521B-434B-884B-3A762361E94B}"
EndProject
Global
	GlobalSection(SolutionConfigurationPlatforms) = preSolution
		Debug|Any CPU = Debug|Any CPU
		Release|Any CPU = Release|Any CPU
	EndGlobalSection
	GlobalSection(ProjectConfigurationPlatforms) = postSolution
		{12AB6549-1089-4C05-8C18-116134A16553}.Debug|Any CPU.ActiveCfg = Debug|Any CPU
		{12AB6549-1089-4C05-8C18-116134A16553}.Debug|Any CPU.Build.0 = Debug|Any CPU
		{12AB6549-1089-4C05-8C18-116134A16553}.Release|Any CPU.ActiveCfg = Release|Any CPU
		{12AB6549-1089-4C05-8C18-116134A16553}.Release|Any CPU.Build.0 = Release|Any CPU
		{5AFE8BB9-521B-434B-884B-3A762361E94B}.Debug|Any CPU.ActiveCfg = Debug|Any CPU
		{5AFE8BB9-521B-434B-884B-3A762361E94B}.Debug|Any CPU.Build.0 = Debug|Any CPU
		{5AFE8BB9-521B-434B-884B-3A762361E94B}.Release|Any CPU.ActiveCfg = Release|Any CPU
		{5AFE8BB9-521B-434B-884B-3A762361E94B}.Release|Any CPU.Build.0 = Release|Any CPU
	EndGlobalSection
	GlobalSection(SolutionProperties) = preSolution
		HideSolutionNode = FALSE
	EndGlobalSection
	GlobalSection(ExtensibilityGlobals) = postSolution
		SolutionGuid = {03A51719-669B-4A5B-B6B3-6B8D382EA81C}
	EndGlobalSection
EndGlobal
