
Microsoft Visual Studio Solution File, Format Version 12.00
# Visual Studio Version 16
VisualStudioVersion = 16.0.31112.23
MinimumVisualStudioVersion = 10.0.40219.1
Project("{FAE04EC0-301F-11D3-BF4B-00C04F79EFBC}") = "TDDInlämningGeometry", "TDDInlämningGeometry\TDDInlämningGeometry.csproj", "{C936B10B-C5C6-4D02-8242-4CE5C1020E06}"
EndProject
Global
	GlobalSection(SolutionConfigurationPlatforms) = preSolution
		Debug|Any CPU = Debug|Any CPU
		Release|Any CPU = Release|Any CPU
	EndGlobalSection
	GlobalSection(ProjectConfigurationPlatforms) = postSolution
		{C936B10B-C5C6-4D02-8242-4CE5C1020E06}.Debug|Any CPU.ActiveCfg = Debug|Any CPU
		{C936B10B-C5C6-4D02-8242-4CE5C1020E06}.Debug|Any CPU.Build.0 = Debug|Any CPU
		{C936B10B-C5C6-4D02-8242-4CE5C1020E06}.Release|Any CPU.ActiveCfg = Release|Any CPU
		{C936B10B-C5C6-4D02-8242-4CE5C1020E06}.Release|Any CPU.Build.0 = Release|Any CPU
	EndGlobalSection
	GlobalSection(SolutionProperties) = preSolution
		HideSolutionNode = FALSE
	EndGlobalSection
	GlobalSection(ExtensibilityGlobals) = postSolution
		SolutionGuid = {52E4250A-3A44-4F1F-B58F-7B818C654F16}
	EndGlobalSection
EndGlobal
