
Microsoft Visual Studio Solution File, Format Version 12.00
# Visual Studio Version 16
VisualStudioVersion = 16.0.31129.286
MinimumVisualStudioVersion = 10.0.40219.1
Project("{FAE04EC0-301F-11D3-BF4B-00C04F79EFBC}") = "Geometry", "Geometry\Geometry.csproj", "{6657DDDA-EAC8-4045-8872-8EB950F52C18}"
EndProject
Project("{FAE04EC0-301F-11D3-BF4B-00C04F79EFBC}") = "GeometryTests", "GeometryTests\GeometryTests.csproj", "{0CD5EB3C-7515-4954-B3EC-F0FD55EC0912}"
EndProject
Global
	GlobalSection(SolutionConfigurationPlatforms) = preSolution
		Debug|Any CPU = Debug|Any CPU
		Release|Any CPU = Release|Any CPU
	EndGlobalSection
	GlobalSection(ProjectConfigurationPlatforms) = postSolution
		{6657DDDA-EAC8-4045-8872-8EB950F52C18}.Debug|Any CPU.ActiveCfg = Debug|Any CPU
		{6657DDDA-EAC8-4045-8872-8EB950F52C18}.Debug|Any CPU.Build.0 = Debug|Any CPU
		{6657DDDA-EAC8-4045-8872-8EB950F52C18}.Release|Any CPU.ActiveCfg = Release|Any CPU
		{6657DDDA-EAC8-4045-8872-8EB950F52C18}.Release|Any CPU.Build.0 = Release|Any CPU
		{0CD5EB3C-7515-4954-B3EC-F0FD55EC0912}.Debug|Any CPU.ActiveCfg = Debug|Any CPU
		{0CD5EB3C-7515-4954-B3EC-F0FD55EC0912}.Debug|Any CPU.Build.0 = Debug|Any CPU
		{0CD5EB3C-7515-4954-B3EC-F0FD55EC0912}.Release|Any CPU.ActiveCfg = Release|Any CPU
		{0CD5EB3C-7515-4954-B3EC-F0FD55EC0912}.Release|Any CPU.Build.0 = Release|Any CPU
	EndGlobalSection
	GlobalSection(SolutionProperties) = preSolution
		HideSolutionNode = FALSE
	EndGlobalSection
	GlobalSection(ExtensibilityGlobals) = postSolution
		SolutionGuid = {8DC49B54-A658-4BBB-A779-AB31CE977667}
	EndGlobalSection
EndGlobal
