
Microsoft Visual Studio Solution File, Format Version 12.00
# Visual Studio Version 16
VisualStudioVersion = 16.6.30114.105
MinimumVisualStudioVersion = 10.0.40219.1
Project("{FAE04EC0-301F-11D3-BF4B-00C04F79EFBC}") = "ConsoleMVC", "ConsoleMVC\ConsoleMVC.csproj", "{A79BFAFC-D966-465E-AACC-5C74D7086D27}"
EndProject
Project("{FAE04EC0-301F-11D3-BF4B-00C04F79EFBC}") = "Inlamningsuppgift2WebbShopAPI", "Inlamningsuppgift2WebbShopAPI\Inlamningsuppgift2WebbShopAPI.csproj", "{B52F3ED8-B2D4-48AD-B529-371A5C9FE1E1}"
EndProject
Global
	GlobalSection(SolutionConfigurationPlatforms) = preSolution
		Debug|Any CPU = Debug|Any CPU
		Debug|x64 = Debug|x64
		Debug|x86 = Debug|x86
		Release|Any CPU = Release|Any CPU
		Release|x64 = Release|x64
		Release|x86 = Release|x86
	EndGlobalSection
	GlobalSection(SolutionProperties) = preSolution
		HideSolutionNode = FALSE
	EndGlobalSection
	GlobalSection(ProjectConfigurationPlatforms) = postSolution
		{A79BFAFC-D966-465E-AACC-5C74D7086D27}.Debug|Any CPU.ActiveCfg = Debug|Any CPU
		{A79BFAFC-D966-465E-AACC-5C74D7086D27}.Debug|Any CPU.Build.0 = Debug|Any CPU
		{A79BFAFC-D966-465E-AACC-5C74D7086D27}.Debug|x64.ActiveCfg = Debug|Any CPU
		{A79BFAFC-D966-465E-AACC-5C74D7086D27}.Debug|x64.Build.0 = Debug|Any CPU
		{A79BFAFC-D966-465E-AACC-5C74D7086D27}.Debug|x86.ActiveCfg = Debug|Any CPU
		{A79BFAFC-D966-465E-AACC-5C74D7086D27}.Debug|x86.Build.0 = Debug|Any CPU
		{A79BFAFC-D966-465E-AACC-5C74D7086D27}.Release|Any CPU.ActiveCfg = Release|Any CPU
		{A79BFAFC-D966-465E-AACC-5C74D7086D27}.Release|Any CPU.Build.0 = Release|Any CPU
		{A79BFAFC-D966-465E-AACC-5C74D7086D27}.Release|x64.ActiveCfg = Release|Any CPU
		{A79BFAFC-D966-465E-AACC-5C74D7086D27}.Release|x64.Build.0 = Release|Any CPU
		{A79BFAFC-D966-465E-AACC-5C74D7086D27}.Release|x86.ActiveCfg = Release|Any CPU
		{A79BFAFC-D966-465E-AACC-5C74D7086D27}.Release|x86.Build.0 = Release|Any CPU
		{B52F3ED8-B2D4-48AD-B529-371A5C9FE1E1}.Debug|Any CPU.ActiveCfg = Debug|Any CPU
		{B52F3ED8-B2D4-48AD-B529-371A5C9FE1E1}.Debug|Any CPU.Build.0 = Debug|Any CPU
		{B52F3ED8-B2D4-48AD-B529-371A5C9FE1E1}.Debug|x64.ActiveCfg = Debug|Any CPU
		{B52F3ED8-B2D4-48AD-B529-371A5C9FE1E1}.Debug|x64.Build.0 = Debug|Any CPU
		{B52F3ED8-B2D4-48AD-B529-371A5C9FE1E1}.Debug|x86.ActiveCfg = Debug|Any CPU
		{B52F3ED8-B2D4-48AD-B529-371A5C9FE1E1}.Debug|x86.Build.0 = Debug|Any CPU
		{B52F3ED8-B2D4-48AD-B529-371A5C9FE1E1}.Release|Any CPU.ActiveCfg = Release|Any CPU
		{B52F3ED8-B2D4-48AD-B529-371A5C9FE1E1}.Release|Any CPU.Build.0 = Release|Any CPU
		{B52F3ED8-B2D4-48AD-B529-371A5C9FE1E1}.Release|x64.ActiveCfg = Release|Any CPU
		{B52F3ED8-B2D4-48AD-B529-371A5C9FE1E1}.Release|x64.Build.0 = Release|Any CPU
		{B52F3ED8-B2D4-48AD-B529-371A5C9FE1E1}.Release|x86.ActiveCfg = Release|Any CPU
		{B52F3ED8-B2D4-48AD-B529-371A5C9FE1E1}.Release|x86.Build.0 = Release|Any CPU
	EndGlobalSection
EndGlobal
