
Microsoft Visual Studio Solution File, Format Version 12.00
# Visual Studio Version 16
VisualStudioVersion = 16.0.31129.286
MinimumVisualStudioVersion = 10.0.40219.1
Project("{FAE04EC0-301F-11D3-BF4B-00C04F79EFBC}") = "TDD_inl_1", "TDD_inl_1\TDD_inl_1.csproj", "{D00879DB-61A8-4DAE-ACDA-49CDF2C8EB10}"
EndProject
Project("{FAE04EC0-301F-11D3-BF4B-00C04F79EFBC}") = "TDD_inl_1Tests", "TDD_inl_1Tests\TDD_inl_1Tests.csproj", "{86556F5A-E9E0-496A-B55D-7E4F46260BEF}"
EndProject
Global
	GlobalSection(SolutionConfigurationPlatforms) = preSolution
		Debug|Any CPU = Debug|Any CPU
		Release|Any CPU = Release|Any CPU
	EndGlobalSection
	GlobalSection(ProjectConfigurationPlatforms) = postSolution
		{D00879DB-61A8-4DAE-ACDA-49CDF2C8EB10}.Debug|Any CPU.ActiveCfg = Debug|Any CPU
		{D00879DB-61A8-4DAE-ACDA-49CDF2C8EB10}.Debug|Any CPU.Build.0 = Debug|Any CPU
		{D00879DB-61A8-4DAE-ACDA-49CDF2C8EB10}.Release|Any CPU.ActiveCfg = Release|Any CPU
		{D00879DB-61A8-4DAE-ACDA-49CDF2C8EB10}.Release|Any CPU.Build.0 = Release|Any CPU
		{86556F5A-E9E0-496A-B55D-7E4F46260BEF}.Debug|Any CPU.ActiveCfg = Debug|Any CPU
		{86556F5A-E9E0-496A-B55D-7E4F46260BEF}.Debug|Any CPU.Build.0 = Debug|Any CPU
		{86556F5A-E9E0-496A-B55D-7E4F46260BEF}.Release|Any CPU.ActiveCfg = Release|Any CPU
		{86556F5A-E9E0-496A-B55D-7E4F46260BEF}.Release|Any CPU.Build.0 = Release|Any CPU
	EndGlobalSection
	GlobalSection(SolutionProperties) = preSolution
		HideSolutionNode = FALSE
	EndGlobalSection
	GlobalSection(ExtensibilityGlobals) = postSolution
		SolutionGuid = {398F645E-9651-4533-B85C-ABD569AE195D}
	EndGlobalSection
EndGlobal
