
Microsoft Visual Studio Solution File, Format Version 12.00
# Visual Studio Version 16
VisualStudioVersion = 16.0.31313.79
MinimumVisualStudioVersion = 10.0.40219.1
Project("{FAE04EC0-301F-11D3-BF4B-00C04F79EFBC}") = "StarScapeExplained", "StarScapeExplained\StarScapeExplained.csproj", "{4CB150DD-D4EC-4195-ABFB-A42CEE695A64}"
EndProject
Global
	GlobalSection(SolutionConfigurationPlatforms) = preSolution
		Debug|Any CPU = Debug|Any CPU
		Release|Any CPU = Release|Any CPU
	EndGlobalSection
	GlobalSection(ProjectConfigurationPlatforms) = postSolution
		{4CB150DD-D4EC-4195-ABFB-A42CEE695A64}.Debug|Any CPU.ActiveCfg = Debug|Any CPU
		{4CB150DD-D4EC-4195-ABFB-A42CEE695A64}.Debug|Any CPU.Build.0 = Debug|Any CPU
		{4CB150DD-D4EC-4195-ABFB-A42CEE695A64}.Release|Any CPU.ActiveCfg = Release|Any CPU
		{4CB150DD-D4EC-4195-ABFB-A42CEE695A64}.Release|Any CPU.Build.0 = Release|Any CPU
	EndGlobalSection
	GlobalSection(SolutionProperties) = preSolution
		HideSolutionNode = FALSE
	EndGlobalSection
	GlobalSection(ExtensibilityGlobals) = postSolution
		SolutionGuid = {2819434C-9784-4854-9F3B-E9EC115AD3D8}
	EndGlobalSection
EndGlobal
