
Microsoft Visual Studio Solution File, Format Version 12.00
# Visual Studio Version 16
VisualStudioVersion = 16.0.31025.194
MinimumVisualStudioVersion = 10.0.40219.1
Project("{9A19103F-16F7-4668-BE54-9A1E7A4F7556}") = "WebbShopAPIGustafMalmstenFrontEnd", "WebbShopApiGustafMalmsten\WebbShopAPIGustafMalmstenFrontEnd.csproj", "{2F53A337-E331-4352-BB97-6E12F1EF9580}"
EndProject
Project("{9A19103F-16F7-4668-BE54-9A1E7A4F7556}") = "WebbShopAPIGustafMalmstenBackEnd", "..\WebbShopAPIGustafMalmstenBackEnd\WebbShopAPIGustafMalmstenBackEnd.csproj", "{DCE2C5DF-4755-4B76-8F87-539F5A792AB6}"
EndProject
Global
	GlobalSection(SolutionConfigurationPlatforms) = preSolution
		Debug|Any CPU = Debug|Any CPU
		Release|Any CPU = Release|Any CPU
	EndGlobalSection
	GlobalSection(ProjectConfigurationPlatforms) = postSolution
		{2F53A337-E331-4352-BB97-6E12F1EF9580}.Debug|Any CPU.ActiveCfg = Debug|Any CPU
		{2F53A337-E331-4352-BB97-6E12F1EF9580}.Debug|Any CPU.Build.0 = Debug|Any CPU
		{2F53A337-E331-4352-BB97-6E12F1EF9580}.Release|Any CPU.ActiveCfg = Release|Any CPU
		{2F53A337-E331-4352-BB97-6E12F1EF9580}.Release|Any CPU.Build.0 = Release|Any CPU
		{DCE2C5DF-4755-4B76-8F87-539F5A792AB6}.Debug|Any CPU.ActiveCfg = Debug|Any CPU
		{DCE2C5DF-4755-4B76-8F87-539F5A792AB6}.Debug|Any CPU.Build.0 = Debug|Any CPU
		{DCE2C5DF-4755-4B76-8F87-539F5A792AB6}.Release|Any CPU.ActiveCfg = Release|Any CPU
		{DCE2C5DF-4755-4B76-8F87-539F5A792AB6}.Release|Any CPU.Build.0 = Release|Any CPU
	EndGlobalSection
	GlobalSection(SolutionProperties) = preSolution
		HideSolutionNode = FALSE
	EndGlobalSection
	GlobalSection(ExtensibilityGlobals) = postSolution
		SolutionGuid = {30AA4CAA-1E6A-4008-8283-2C43DCACF32B}
	EndGlobalSection
EndGlobal
