
Microsoft Visual Studio Solution File, Format Version 12.00
# Visual Studio Version 16
VisualStudioVersion = 16.0.31019.35
MinimumVisualStudioVersion = 10.0.40219.1
Project("{FAE04EC0-301F-11D3-BF4B-00C04F79EFBC}") = "CoreWeb", "CoreWeb\CoreWeb.csproj", "{BC4C1114-B51A-4708-A1FD-138279D18571}"
EndProject
Global
	GlobalSection(SolutionConfigurationPlatforms) = preSolution
		Debug|Any CPU = Debug|Any CPU
		Release|Any CPU = Release|Any CPU
	EndGlobalSection
	GlobalSection(ProjectConfigurationPlatforms) = postSolution
		{BC4C1114-B51A-4708-A1FD-138279D18571}.Debug|Any CPU.ActiveCfg = Debug|Any CPU
		{BC4C1114-B51A-4708-A1FD-138279D18571}.Debug|Any CPU.Build.0 = Debug|Any CPU
		{BC4C1114-B51A-4708-A1FD-138279D18571}.Release|Any CPU.ActiveCfg = Release|Any CPU
		{BC4C1114-B51A-4708-A1FD-138279D18571}.Release|Any CPU.Build.0 = Release|Any CPU
	EndGlobalSection
	GlobalSection(SolutionProperties) = preSolution
		HideSolutionNode = FALSE
	EndGlobalSection
	GlobalSection(ExtensibilityGlobals) = postSolution
		SolutionGuid = {153F6904-1C4C-47FD-99A5-06D86DDDD0E0}
	EndGlobalSection
EndGlobal
