
Microsoft Visual Studio Solution File, Format Version 12.00
# Visual Studio Version 16
VisualStudioVersion = 16.0.31019.35
MinimumVisualStudioVersion = 10.0.40219.1
Project("{9A19103F-16F7-4668-BE54-9A1E7A4F7556}") = "Webbutik", "Webbutik\Webbutik.csproj", "{67A48663-C291-43F9-9940-DF7CFD4E3996}"
EndProject
Global
	GlobalSection(SolutionConfigurationPlatforms) = preSolution
		Debug|Any CPU = Debug|Any CPU
		Release|Any CPU = Release|Any CPU
	EndGlobalSection
	GlobalSection(ProjectConfigurationPlatforms) = postSolution
		{67A48663-C291-43F9-9940-DF7CFD4E3996}.Debug|Any CPU.ActiveCfg = Debug|Any CPU
		{67A48663-C291-43F9-9940-DF7CFD4E3996}.Debug|Any CPU.Build.0 = Debug|Any CPU
		{67A48663-C291-43F9-9940-DF7CFD4E3996}.Release|Any CPU.ActiveCfg = Release|Any CPU
		{67A48663-C291-43F9-9940-DF7CFD4E3996}.Release|Any CPU.Build.0 = Release|Any CPU
	EndGlobalSection
	GlobalSection(SolutionProperties) = preSolution
		HideSolutionNode = FALSE
	EndGlobalSection
	GlobalSection(ExtensibilityGlobals) = postSolution
		SolutionGuid = {74D44EE5-3FAF-4887-81ED-78DF0A7D0B76}
	EndGlobalSection
EndGlobal
