
Microsoft Visual Studio Solution File, Format Version 12.00
# Visual Studio Version 16
VisualStudioVersion = 16.0.30907.101
MinimumVisualStudioVersion = 10.0.40219.1
Project("{FAE04EC0-301F-11D3-BF4B-00C04F79EFBC}") = "WebbShopFront", "WebbShopFront\WebbShopFront.csproj", "{7AF5DA1B-3504-42DB-A520-602C283DD288}"
EndProject
Project("{9A19103F-16F7-4668-BE54-9A1E7A4F7556}") = "WebbShopAPI", "WebbShopAPI\WebbShopAPI\WebbShopAPI.csproj", "{5205A7D2-A1AE-4791-A824-3B4FB3D7C908}"
EndProject
Global
	GlobalSection(SolutionConfigurationPlatforms) = preSolution
		Debug|Any CPU = Debug|Any CPU
		Release|Any CPU = Release|Any CPU
	EndGlobalSection
	GlobalSection(ProjectConfigurationPlatforms) = postSolution
		{7AF5DA1B-3504-42DB-A520-602C283DD288}.Debug|Any CPU.ActiveCfg = Debug|Any CPU
		{7AF5DA1B-3504-42DB-A520-602C283DD288}.Debug|Any CPU.Build.0 = Debug|Any CPU
		{7AF5DA1B-3504-42DB-A520-602C283DD288}.Release|Any CPU.ActiveCfg = Release|Any CPU
		{7AF5DA1B-3504-42DB-A520-602C283DD288}.Release|Any CPU.Build.0 = Release|Any CPU
		{5205A7D2-A1AE-4791-A824-3B4FB3D7C908}.Debug|Any CPU.ActiveCfg = Debug|Any CPU
		{5205A7D2-A1AE-4791-A824-3B4FB3D7C908}.Debug|Any CPU.Build.0 = Debug|Any CPU
		{5205A7D2-A1AE-4791-A824-3B4FB3D7C908}.Release|Any CPU.ActiveCfg = Release|Any CPU
		{5205A7D2-A1AE-4791-A824-3B4FB3D7C908}.Release|Any CPU.Build.0 = Release|Any CPU
	EndGlobalSection
	GlobalSection(SolutionProperties) = preSolution
		HideSolutionNode = FALSE
	EndGlobalSection
	GlobalSection(ExtensibilityGlobals) = postSolution
		SolutionGuid = {15A2DFD2-9BAF-4365-AAFF-5D21F370BCD6}
	EndGlobalSection
EndGlobal
