
Microsoft Visual Studio Solution File, Format Version 12.00
# Visual Studio Version 16
VisualStudioVersion = 16.0.31112.23
MinimumVisualStudioVersion = 10.0.40219.1
Project("{FAE04EC0-301F-11D3-BF4B-00C04F79EFBC}") = "WebbShopFE", "WebbShopFE\WebbShopFE.csproj", "{A1BEFB21-59E8-425A-BE95-85C6A131930A}"
EndProject
Project("{9A19103F-16F7-4668-BE54-9A1E7A4F7556}") = "WebbShopEmil", "..\WebbShopEmil\WebbShopEmil\WebbShopEmil.csproj", "{7C9DA042-4DA4-400E-B330-F8EC28E2F362}"
EndProject
Global
	GlobalSection(SolutionConfigurationPlatforms) = preSolution
		Debug|Any CPU = Debug|Any CPU
		Release|Any CPU = Release|Any CPU
	EndGlobalSection
	GlobalSection(ProjectConfigurationPlatforms) = postSolution
		{A1BEFB21-59E8-425A-BE95-85C6A131930A}.Debug|Any CPU.ActiveCfg = Debug|Any CPU
		{A1BEFB21-59E8-425A-BE95-85C6A131930A}.Debug|Any CPU.Build.0 = Debug|Any CPU
		{A1BEFB21-59E8-425A-BE95-85C6A131930A}.Release|Any CPU.ActiveCfg = Release|Any CPU
		{A1BEFB21-59E8-425A-BE95-85C6A131930A}.Release|Any CPU.Build.0 = Release|Any CPU
		{7C9DA042-4DA4-400E-B330-F8EC28E2F362}.Debug|Any CPU.ActiveCfg = Debug|Any CPU
		{7C9DA042-4DA4-400E-B330-F8EC28E2F362}.Debug|Any CPU.Build.0 = Debug|Any CPU
		{7C9DA042-4DA4-400E-B330-F8EC28E2F362}.Release|Any CPU.ActiveCfg = Release|Any CPU
		{7C9DA042-4DA4-400E-B330-F8EC28E2F362}.Release|Any CPU.Build.0 = Release|Any CPU
	EndGlobalSection
	GlobalSection(SolutionProperties) = preSolution
		HideSolutionNode = FALSE
	EndGlobalSection
	GlobalSection(ExtensibilityGlobals) = postSolution
		SolutionGuid = {E18D2AED-0DBB-4FAA-A0CD-B6E44C8248A0}
	EndGlobalSection
EndGlobal
