
Microsoft Visual Studio Solution File, Format Version 12.00
# Visual Studio Version 16
VisualStudioVersion = 16.0.31112.23
MinimumVisualStudioVersion = 10.0.40219.1
Project("{FAE04EC0-301F-11D3-BF4B-00C04F79EFBC}") = "Inlämning_3Front", "Inlämning_3Front\Inlämning_3Front.csproj", "{53B2DA13-D4D7-428F-B40C-3E97FEB6DB51}"
EndProject
Project("{9A19103F-16F7-4668-BE54-9A1E7A4F7556}") = "Inlämning_API", "..\Inlämning_API\Inlämning_API\Inlämning_API.csproj", "{799CC007-070F-4FF2-9DF8-18BAF056DA15}"
EndProject
Global
	GlobalSection(SolutionConfigurationPlatforms) = preSolution
		Debug|Any CPU = Debug|Any CPU
		Release|Any CPU = Release|Any CPU
	EndGlobalSection
	GlobalSection(ProjectConfigurationPlatforms) = postSolution
		{53B2DA13-D4D7-428F-B40C-3E97FEB6DB51}.Debug|Any CPU.ActiveCfg = Debug|Any CPU
		{53B2DA13-D4D7-428F-B40C-3E97FEB6DB51}.Debug|Any CPU.Build.0 = Debug|Any CPU
		{53B2DA13-D4D7-428F-B40C-3E97FEB6DB51}.Release|Any CPU.ActiveCfg = Release|Any CPU
		{53B2DA13-D4D7-428F-B40C-3E97FEB6DB51}.Release|Any CPU.Build.0 = Release|Any CPU
		{799CC007-070F-4FF2-9DF8-18BAF056DA15}.Debug|Any CPU.ActiveCfg = Debug|Any CPU
		{799CC007-070F-4FF2-9DF8-18BAF056DA15}.Debug|Any CPU.Build.0 = Debug|Any CPU
		{799CC007-070F-4FF2-9DF8-18BAF056DA15}.Release|Any CPU.ActiveCfg = Release|Any CPU
		{799CC007-070F-4FF2-9DF8-18BAF056DA15}.Release|Any CPU.Build.0 = Release|Any CPU
	EndGlobalSection
	GlobalSection(SolutionProperties) = preSolution
		HideSolutionNode = FALSE
	EndGlobalSection
	GlobalSection(ExtensibilityGlobals) = postSolution
		SolutionGuid = {A8ABAB74-DB91-4ECD-8868-6F977B56C0BB}
	EndGlobalSection
EndGlobal
