
Microsoft Visual Studio Solution File, Format Version 12.00
# Visual Studio Version 16
VisualStudioVersion = 16.0.31213.239
MinimumVisualStudioVersion = 10.0.40219.1
Project("{9A19103F-16F7-4668-BE54-9A1E7A4F7556}") = "SegerBookShop", "SegerBookShop-main\SegerBookShop.csproj", "{9E70EAA9-6BD6-44D4-B037-52A91EE8049F}"
EndProject
Project("{9A19103F-16F7-4668-BE54-9A1E7A4F7556}") = "BookShop", "BookShop-master\BookShop\BookShop.csproj", "{7934F199-36C8-4092-9959-F9DA7EEF4C82}"
EndProject
Global
	GlobalSection(SolutionConfigurationPlatforms) = preSolution
		Debug|Any CPU = Debug|Any CPU
		Release|Any CPU = Release|Any CPU
	EndGlobalSection
	GlobalSection(ProjectConfigurationPlatforms) = postSolution
		{9E70EAA9-6BD6-44D4-B037-52A91EE8049F}.Debug|Any CPU.ActiveCfg = Debug|Any CPU
		{9E70EAA9-6BD6-44D4-B037-52A91EE8049F}.Debug|Any CPU.Build.0 = Debug|Any CPU
		{9E70EAA9-6BD6-44D4-B037-52A91EE8049F}.Release|Any CPU.ActiveCfg = Release|Any CPU
		{9E70EAA9-6BD6-44D4-B037-52A91EE8049F}.Release|Any CPU.Build.0 = Release|Any CPU
		{7934F199-36C8-4092-9959-F9DA7EEF4C82}.Debug|Any CPU.ActiveCfg = Debug|Any CPU
		{7934F199-36C8-4092-9959-F9DA7EEF4C82}.Debug|Any CPU.Build.0 = Debug|Any CPU
		{7934F199-36C8-4092-9959-F9DA7EEF4C82}.Release|Any CPU.ActiveCfg = Release|Any CPU
		{7934F199-36C8-4092-9959-F9DA7EEF4C82}.Release|Any CPU.Build.0 = Release|Any CPU
	EndGlobalSection
	GlobalSection(SolutionProperties) = preSolution
		HideSolutionNode = FALSE
	EndGlobalSection
	GlobalSection(ExtensibilityGlobals) = postSolution
		SolutionGuid = {50AD040A-7189-4D53-B1BB-14BE4D577F41}
	EndGlobalSection
EndGlobal
