
Microsoft Visual Studio Solution File, Format Version 12.00
# Visual Studio Version 16
VisualStudioVersion = 16.0.31112.23
MinimumVisualStudioVersion = 10.0.40219.1
Project("{FAE04EC0-301F-11D3-BF4B-00C04F79EFBC}") = "Inlämning_API", "Inlämning_API\Inlämning_API.csproj", "{5FA20750-77CA-4A0A-9D12-F11DF95F3CB3}"
EndProject
Global
	GlobalSection(SolutionConfigurationPlatforms) = preSolution
		Debug|Any CPU = Debug|Any CPU
		Release|Any CPU = Release|Any CPU
	EndGlobalSection
	GlobalSection(ProjectConfigurationPlatforms) = postSolution
		{5FA20750-77CA-4A0A-9D12-F11DF95F3CB3}.Debug|Any CPU.ActiveCfg = Debug|Any CPU
		{5FA20750-77CA-4A0A-9D12-F11DF95F3CB3}.Debug|Any CPU.Build.0 = Debug|Any CPU
		{5FA20750-77CA-4A0A-9D12-F11DF95F3CB3}.Release|Any CPU.ActiveCfg = Release|Any CPU
		{5FA20750-77CA-4A0A-9D12-F11DF95F3CB3}.Release|Any CPU.Build.0 = Release|Any CPU
	EndGlobalSection
	GlobalSection(SolutionProperties) = preSolution
		HideSolutionNode = FALSE
	EndGlobalSection
	GlobalSection(ExtensibilityGlobals) = postSolution
		SolutionGuid = {04C116D9-7F2A-4597-8442-1D595CCD9E5E}
	EndGlobalSection
EndGlobal
