
Microsoft Visual Studio Solution File, Format Version 12.00
# Visual Studio Version 16
VisualStudioVersion = 16.0.31005.135
MinimumVisualStudioVersion = 10.0.40219.1
Project("{FAE04EC0-301F-11D3-BF4B-00C04F79EFBC}") = "Inlämning3", "Inlämning3.csproj", "{6712D3FD-EEFD-4873-BF17-5F5D565F0554}"
EndProject
Project("{9A19103F-16F7-4668-BE54-9A1E7A4F7556}") = "Inlämning2WebbShop", "..\Inlämning2WebbShop\Inlämning2WebbShop.csproj", "{3C0E04AB-C856-4E5D-BD48-DF559F150C9B}"
EndProject
Global
	GlobalSection(SolutionConfigurationPlatforms) = preSolution
		Debug|Any CPU = Debug|Any CPU
		Release|Any CPU = Release|Any CPU
	EndGlobalSection
	GlobalSection(ProjectConfigurationPlatforms) = postSolution
		{6712D3FD-EEFD-4873-BF17-5F5D565F0554}.Debug|Any CPU.ActiveCfg = Debug|Any CPU
		{6712D3FD-EEFD-4873-BF17-5F5D565F0554}.Debug|Any CPU.Build.0 = Debug|Any CPU
		{6712D3FD-EEFD-4873-BF17-5F5D565F0554}.Release|Any CPU.ActiveCfg = Release|Any CPU
		{6712D3FD-EEFD-4873-BF17-5F5D565F0554}.Release|Any CPU.Build.0 = Release|Any CPU
		{3C0E04AB-C856-4E5D-BD48-DF559F150C9B}.Debug|Any CPU.ActiveCfg = Debug|Any CPU
		{3C0E04AB-C856-4E5D-BD48-DF559F150C9B}.Debug|Any CPU.Build.0 = Debug|Any CPU
		{3C0E04AB-C856-4E5D-BD48-DF559F150C9B}.Release|Any CPU.ActiveCfg = Release|Any CPU
		{3C0E04AB-C856-4E5D-BD48-DF559F150C9B}.Release|Any CPU.Build.0 = Release|Any CPU
	EndGlobalSection
	GlobalSection(SolutionProperties) = preSolution
		HideSolutionNode = FALSE
	EndGlobalSection
	GlobalSection(ExtensibilityGlobals) = postSolution
		SolutionGuid = {D50A64F5-8C15-47BF-BD85-2214B7362C06}
	EndGlobalSection
EndGlobal
