
Microsoft Visual Studio Solution File, Format Version 12.00
# Visual Studio Version 16
VisualStudioVersion = 16.0.31019.35
MinimumVisualStudioVersion = 10.0.40219.1
Project("{FAE04EC0-301F-11D3-BF4B-00C04F79EFBC}") = "MyFirstEntityframProject", "MyFirstEntityframProject\MyFirstEntityframProject.csproj", "{56B5D799-E309-4618-9F81-F73E09E9EB62}"
EndProject
Global
	GlobalSection(SolutionConfigurationPlatforms) = preSolution
		Debug|Any CPU = Debug|Any CPU
		Release|Any CPU = Release|Any CPU
	EndGlobalSection
	GlobalSection(ProjectConfigurationPlatforms) = postSolution
		{56B5D799-E309-4618-9F81-F73E09E9EB62}.Debug|Any CPU.ActiveCfg = Debug|Any CPU
		{56B5D799-E309-4618-9F81-F73E09E9EB62}.Debug|Any CPU.Build.0 = Debug|Any CPU
		{56B5D799-E309-4618-9F81-F73E09E9EB62}.Release|Any CPU.ActiveCfg = Release|Any CPU
		{56B5D799-E309-4618-9F81-F73E09E9EB62}.Release|Any CPU.Build.0 = Release|Any CPU
	EndGlobalSection
	GlobalSection(SolutionProperties) = preSolution
		HideSolutionNode = FALSE
	EndGlobalSection
	GlobalSection(ExtensibilityGlobals) = postSolution
		SolutionGuid = {13F4B2B6-041E-407E-8CD2-E7CF4A66A805}
	EndGlobalSection
EndGlobal
