
Microsoft Visual Studio Solution File, Format Version 12.00
# Visual Studio Version 16
VisualStudioVersion = 16.0.31005.135
MinimumVisualStudioVersion = 10.0.40219.1
Project("{9A19103F-16F7-4668-BE54-9A1E7A4F7556}") = "WebbShopAPI", "WebbShopAPI\WebbShopAPI.csproj", "{07058DC8-08D2-4DFB-87C9-60ADC4DC4FE0}"
EndProject
Global
	GlobalSection(SolutionConfigurationPlatforms) = preSolution
		Debug|Any CPU = Debug|Any CPU
		Release|Any CPU = Release|Any CPU
	EndGlobalSection
	GlobalSection(ProjectConfigurationPlatforms) = postSolution
		{07058DC8-08D2-4DFB-87C9-60ADC4DC4FE0}.Debug|Any CPU.ActiveCfg = Debug|Any CPU
		{07058DC8-08D2-4DFB-87C9-60ADC4DC4FE0}.Debug|Any CPU.Build.0 = Debug|Any CPU
		{07058DC8-08D2-4DFB-87C9-60ADC4DC4FE0}.Release|Any CPU.ActiveCfg = Release|Any CPU
		{07058DC8-08D2-4DFB-87C9-60ADC4DC4FE0}.Release|Any CPU.Build.0 = Release|Any CPU
	EndGlobalSection
	GlobalSection(SolutionProperties) = preSolution
		HideSolutionNode = FALSE
	EndGlobalSection
	GlobalSection(ExtensibilityGlobals) = postSolution
		SolutionGuid = {EC0D5A6F-306F-4EE0-BC0F-FAF95D53113F}
	EndGlobalSection
EndGlobal
