
Microsoft Visual Studio Solution File, Format Version 12.00
# Visual Studio Version 16
VisualStudioVersion = 16.0.31019.35
MinimumVisualStudioVersion = 10.0.40219.1
Project("{FAE04EC0-301F-11D3-BF4B-00C04F79EFBC}") = "Inlämning_3_WebbShop", "Inlämning_3_WebbShop\Inlämning_3_WebbShop.csproj", "{AB24F5EF-14E1-4A83-B267-E175E67A4359}"
EndProject
Project("{9A19103F-16F7-4668-BE54-9A1E7A4F7556}") = "MyFirstEntityframProject", "..\MyFirstEntityframProject\MyFirstEntityframProject\MyFirstEntityframProject.csproj", "{92D242E8-70FD-4249-8BC0-F8244A5FCE5A}"
EndProject
Global
	GlobalSection(SolutionConfigurationPlatforms) = preSolution
		Debug|Any CPU = Debug|Any CPU
		Release|Any CPU = Release|Any CPU
	EndGlobalSection
	GlobalSection(ProjectConfigurationPlatforms) = postSolution
		{AB24F5EF-14E1-4A83-B267-E175E67A4359}.Debug|Any CPU.ActiveCfg = Debug|Any CPU
		{AB24F5EF-14E1-4A83-B267-E175E67A4359}.Debug|Any CPU.Build.0 = Debug|Any CPU
		{AB24F5EF-14E1-4A83-B267-E175E67A4359}.Release|Any CPU.ActiveCfg = Release|Any CPU
		{AB24F5EF-14E1-4A83-B267-E175E67A4359}.Release|Any CPU.Build.0 = Release|Any CPU
		{92D242E8-70FD-4249-8BC0-F8244A5FCE5A}.Debug|Any CPU.ActiveCfg = Debug|Any CPU
		{92D242E8-70FD-4249-8BC0-F8244A5FCE5A}.Debug|Any CPU.Build.0 = Debug|Any CPU
		{92D242E8-70FD-4249-8BC0-F8244A5FCE5A}.Release|Any CPU.ActiveCfg = Release|Any CPU
		{92D242E8-70FD-4249-8BC0-F8244A5FCE5A}.Release|Any CPU.Build.0 = Release|Any CPU
	EndGlobalSection
	GlobalSection(SolutionProperties) = preSolution
		HideSolutionNode = FALSE
	EndGlobalSection
	GlobalSection(ExtensibilityGlobals) = postSolution
		SolutionGuid = {5C33F33F-0B8A-4834-88E2-9860DE3C02A7}
	EndGlobalSection
EndGlobal
