
Microsoft Visual Studio Solution File, Format Version 12.00
# Visual Studio Version 16
VisualStudioVersion = 16.0.31112.23
MinimumVisualStudioVersion = 10.0.40219.1
Project("{FAE04EC0-301F-11D3-BF4B-00C04F79EFBC}") = "Uppgift1TDD", "Uppgift1TDD\Uppgift1TDD.csproj", "{43A47E0F-5680-4081-9524-CC067B33E3FA}"
EndProject
Project("{FAE04EC0-301F-11D3-BF4B-00C04F79EFBC}") = "Uppgift1TDDTests", "Uppgift1TDDTests\Uppgift1TDDTests.csproj", "{C54DA19E-6B36-4EBC-8DC1-DF6F7829B884}"
EndProject
Global
	GlobalSection(SolutionConfigurationPlatforms) = preSolution
		Debug|Any CPU = Debug|Any CPU
		Release|Any CPU = Release|Any CPU
	EndGlobalSection
	GlobalSection(ProjectConfigurationPlatforms) = postSolution
		{43A47E0F-5680-4081-9524-CC067B33E3FA}.Debug|Any CPU.ActiveCfg = Debug|Any CPU
		{43A47E0F-5680-4081-9524-CC067B33E3FA}.Debug|Any CPU.Build.0 = Debug|Any CPU
		{43A47E0F-5680-4081-9524-CC067B33E3FA}.Release|Any CPU.ActiveCfg = Release|Any CPU
		{43A47E0F-5680-4081-9524-CC067B33E3FA}.Release|Any CPU.Build.0 = Release|Any CPU
		{C54DA19E-6B36-4EBC-8DC1-DF6F7829B884}.Debug|Any CPU.ActiveCfg = Debug|Any CPU
		{C54DA19E-6B36-4EBC-8DC1-DF6F7829B884}.Debug|Any CPU.Build.0 = Debug|Any CPU
		{C54DA19E-6B36-4EBC-8DC1-DF6F7829B884}.Release|Any CPU.ActiveCfg = Release|Any CPU
		{C54DA19E-6B36-4EBC-8DC1-DF6F7829B884}.Release|Any CPU.Build.0 = Release|Any CPU
	EndGlobalSection
	GlobalSection(SolutionProperties) = preSolution
		HideSolutionNode = FALSE
	EndGlobalSection
	GlobalSection(ExtensibilityGlobals) = postSolution
		SolutionGuid = {AB77C11B-77DA-4263-8FB7-18FC863009C0}
	EndGlobalSection
EndGlobal
