
Microsoft Visual Studio Solution File, Format Version 12.00
# Visual Studio Version 16
VisualStudioVersion = 16.0.31019.35
MinimumVisualStudioVersion = 10.0.40219.1
Project("{FAE04EC0-301F-11D3-BF4B-00C04F79EFBC}") = "WebbShopAPI", "Inlämning2Mattias\WebbShopAPI.csproj", "{0E0C3A5D-00E2-47F1-AC21-E0C5D207C11B}"
EndProject
Global
	GlobalSection(SolutionConfigurationPlatforms) = preSolution
		Debug|Any CPU = Debug|Any CPU
		Release|Any CPU = Release|Any CPU
	EndGlobalSection
	GlobalSection(ProjectConfigurationPlatforms) = postSolution
		{0E0C3A5D-00E2-47F1-AC21-E0C5D207C11B}.Debug|Any CPU.ActiveCfg = Debug|Any CPU
		{0E0C3A5D-00E2-47F1-AC21-E0C5D207C11B}.Debug|Any CPU.Build.0 = Debug|Any CPU
		{0E0C3A5D-00E2-47F1-AC21-E0C5D207C11B}.Release|Any CPU.ActiveCfg = Release|Any CPU
		{0E0C3A5D-00E2-47F1-AC21-E0C5D207C11B}.Release|Any CPU.Build.0 = Release|Any CPU
	EndGlobalSection
	GlobalSection(SolutionProperties) = preSolution
		HideSolutionNode = FALSE
	EndGlobalSection
	GlobalSection(ExtensibilityGlobals) = postSolution
		SolutionGuid = {E90BF7A5-5812-4EBD-8F55-E56A87414AA2}
	EndGlobalSection
EndGlobal
