
Microsoft Visual Studio Solution File, Format Version 12.00
# Visual Studio Version 16
VisualStudioVersion = 16.0.31112.23
MinimumVisualStudioVersion = 10.0.40219.1
Project("{9A19103F-16F7-4668-BE54-9A1E7A4F7556}") = "Geometry_TDD", "Geometry_TDD\Geometry_TDD.csproj", "{97751A10-DE82-4BE4-8487-A813E6A0DDE1}"
EndProject
Project("{9A19103F-16F7-4668-BE54-9A1E7A4F7556}") = "Geometry_TDD.Tests", "Geometry_TDDTests\Geometry_TDD.Tests.csproj", "{8E9ED61A-5126-4ABA-B9F5-E0991B1CFFD7}"
EndProject
Global
	GlobalSection(SolutionConfigurationPlatforms) = preSolution
		Debug|Any CPU = Debug|Any CPU
		Release|Any CPU = Release|Any CPU
	EndGlobalSection
	GlobalSection(ProjectConfigurationPlatforms) = postSolution
		{97751A10-DE82-4BE4-8487-A813E6A0DDE1}.Debug|Any CPU.ActiveCfg = Debug|Any CPU
		{97751A10-DE82-4BE4-8487-A813E6A0DDE1}.Debug|Any CPU.Build.0 = Debug|Any CPU
		{97751A10-DE82-4BE4-8487-A813E6A0DDE1}.Release|Any CPU.ActiveCfg = Release|Any CPU
		{97751A10-DE82-4BE4-8487-A813E6A0DDE1}.Release|Any CPU.Build.0 = Release|Any CPU
		{8E9ED61A-5126-4ABA-B9F5-E0991B1CFFD7}.Debug|Any CPU.ActiveCfg = Debug|Any CPU
		{8E9ED61A-5126-4ABA-B9F5-E0991B1CFFD7}.Debug|Any CPU.Build.0 = Debug|Any CPU
		{8E9ED61A-5126-4ABA-B9F5-E0991B1CFFD7}.Release|Any CPU.ActiveCfg = Release|Any CPU
		{8E9ED61A-5126-4ABA-B9F5-E0991B1CFFD7}.Release|Any CPU.Build.0 = Release|Any CPU
	EndGlobalSection
	GlobalSection(SolutionProperties) = preSolution
		HideSolutionNode = FALSE
	EndGlobalSection
	GlobalSection(ExtensibilityGlobals) = postSolution
		SolutionGuid = {F9AD9029-0900-48F1-9061-A718AF5B0337}
	EndGlobalSection
EndGlobal
