
Microsoft Visual Studio Solution File, Format Version 12.00
# Visual Studio Version 16
VisualStudioVersion = 16.0.31019.35
MinimumVisualStudioVersion = 10.0.40219.1
Project("{9A19103F-16F7-4668-BE54-9A1E7A4F7556}") = "TDDInlamning1_MLarsson", "TDDInlamning1_MLarsson\TDDInlamning1_MLarsson.csproj", "{98EA7466-9C7C-4266-89D3-4697C9E6914A}"
EndProject
Project("{9A19103F-16F7-4668-BE54-9A1E7A4F7556}") = "TDDInlamning1_MLarssonTests", "TDDInlamning1_MLarssonTests\TDDInlamning1_MLarssonTests.csproj", "{0836A345-408D-4E42-BC69-E13D67185C21}"
EndProject
Global
	GlobalSection(SolutionConfigurationPlatforms) = preSolution
		Debug|Any CPU = Debug|Any CPU
		Release|Any CPU = Release|Any CPU
	EndGlobalSection
	GlobalSection(ProjectConfigurationPlatforms) = postSolution
		{98EA7466-9C7C-4266-89D3-4697C9E6914A}.Debug|Any CPU.ActiveCfg = Debug|Any CPU
		{98EA7466-9C7C-4266-89D3-4697C9E6914A}.Debug|Any CPU.Build.0 = Debug|Any CPU
		{98EA7466-9C7C-4266-89D3-4697C9E6914A}.Release|Any CPU.ActiveCfg = Release|Any CPU
		{98EA7466-9C7C-4266-89D3-4697C9E6914A}.Release|Any CPU.Build.0 = Release|Any CPU
		{0836A345-408D-4E42-BC69-E13D67185C21}.Debug|Any CPU.ActiveCfg = Debug|Any CPU
		{0836A345-408D-4E42-BC69-E13D67185C21}.Debug|Any CPU.Build.0 = Debug|Any CPU
		{0836A345-408D-4E42-BC69-E13D67185C21}.Release|Any CPU.ActiveCfg = Release|Any CPU
		{0836A345-408D-4E42-BC69-E13D67185C21}.Release|Any CPU.Build.0 = Release|Any CPU
	EndGlobalSection
	GlobalSection(SolutionProperties) = preSolution
		HideSolutionNode = FALSE
	EndGlobalSection
	GlobalSection(ExtensibilityGlobals) = postSolution
		SolutionGuid = {C6E5A1C1-7EA7-4B30-A97F-6417E531C596}
	EndGlobalSection
EndGlobal
