
Microsoft Visual Studio Solution File, Format Version 12.00
# Visual Studio Version 16
VisualStudioVersion = 16.0.31025.194
MinimumVisualStudioVersion = 10.0.40219.1
Project("{9A19103F-16F7-4668-BE54-9A1E7A4F7556}") = "Bokhandel", "Bokhandel\Bokhandel.csproj", "{7DFE385A-1798-43A8-9C1A-12A3F211DF05}"
EndProject
Project("{9A19103F-16F7-4668-BE54-9A1E7A4F7556}") = "WebbShopJoR", "..\WebbShopAPI\WebbShopAPI\WebbShopJoR.csproj", "{D84DB078-8746-4486-8252-2D238407A75A}"
EndProject
Global
	GlobalSection(SolutionConfigurationPlatforms) = preSolution
		Debug|Any CPU = Debug|Any CPU
		Release|Any CPU = Release|Any CPU
	EndGlobalSection
	GlobalSection(ProjectConfigurationPlatforms) = postSolution
		{7DFE385A-1798-43A8-9C1A-12A3F211DF05}.Debug|Any CPU.ActiveCfg = Debug|Any CPU
		{7DFE385A-1798-43A8-9C1A-12A3F211DF05}.Debug|Any CPU.Build.0 = Debug|Any CPU
		{7DFE385A-1798-43A8-9C1A-12A3F211DF05}.Release|Any CPU.ActiveCfg = Release|Any CPU
		{7DFE385A-1798-43A8-9C1A-12A3F211DF05}.Release|Any CPU.Build.0 = Release|Any CPU
		{D84DB078-8746-4486-8252-2D238407A75A}.Debug|Any CPU.ActiveCfg = Debug|Any CPU
		{D84DB078-8746-4486-8252-2D238407A75A}.Debug|Any CPU.Build.0 = Debug|Any CPU
		{D84DB078-8746-4486-8252-2D238407A75A}.Release|Any CPU.ActiveCfg = Release|Any CPU
		{D84DB078-8746-4486-8252-2D238407A75A}.Release|Any CPU.Build.0 = Release|Any CPU
	EndGlobalSection
	GlobalSection(SolutionProperties) = preSolution
		HideSolutionNode = FALSE
	EndGlobalSection
	GlobalSection(ExtensibilityGlobals) = postSolution
		SolutionGuid = {945E08E1-2103-48D1-A2ED-A04D44897024}
	EndGlobalSection
EndGlobal
