
Microsoft Visual Studio Solution File, Format Version 12.00
# Visual Studio Version 16
VisualStudioVersion = 16.0.31005.135
MinimumVisualStudioVersion = 10.0.40219.1
Project("{FAE04EC0-301F-11D3-BF4B-00C04F79EFBC}") = "WebShopAssignment", "WebShopAssignment\WebShopAssignment.csproj", "{12FCDA1F-FF83-4524-AD42-2B68CAE04765}"
EndProject
Global
	GlobalSection(SolutionConfigurationPlatforms) = preSolution
		Debug|Any CPU = Debug|Any CPU
		Release|Any CPU = Release|Any CPU
	EndGlobalSection
	GlobalSection(ProjectConfigurationPlatforms) = postSolution
		{12FCDA1F-FF83-4524-AD42-2B68CAE04765}.Debug|Any CPU.ActiveCfg = Debug|Any CPU
		{12FCDA1F-FF83-4524-AD42-2B68CAE04765}.Debug|Any CPU.Build.0 = Debug|Any CPU
		{12FCDA1F-FF83-4524-AD42-2B68CAE04765}.Release|Any CPU.ActiveCfg = Release|Any CPU
		{12FCDA1F-FF83-4524-AD42-2B68CAE04765}.Release|Any CPU.Build.0 = Release|Any CPU
	EndGlobalSection
	GlobalSection(SolutionProperties) = preSolution
		HideSolutionNode = FALSE
	EndGlobalSection
	GlobalSection(ExtensibilityGlobals) = postSolution
		SolutionGuid = {A37DDD8B-D92B-4F7E-A4DF-C5C7C18095EC}
	EndGlobalSection
EndGlobal
