
Microsoft Visual Studio Solution File, Format Version 12.00
# Visual Studio Version 16
VisualStudioVersion = 16.0.31105.61
MinimumVisualStudioVersion = 10.0.40219.1
Project("{FAE04EC0-301F-11D3-BF4B-00C04F79EFBC}") = "WebbShopAPI", "WebbShopAPI\WebbShopAPI.csproj", "{94C4C42D-6FFD-46DA-9754-6D07845957F0}"
EndProject
Global
	GlobalSection(SolutionConfigurationPlatforms) = preSolution
		Debug|Any CPU = Debug|Any CPU
		Release|Any CPU = Release|Any CPU
	EndGlobalSection
	GlobalSection(ProjectConfigurationPlatforms) = postSolution
		{94C4C42D-6FFD-46DA-9754-6D07845957F0}.Debug|Any CPU.ActiveCfg = Debug|Any CPU
		{94C4C42D-6FFD-46DA-9754-6D07845957F0}.Debug|Any CPU.Build.0 = Debug|Any CPU
		{94C4C42D-6FFD-46DA-9754-6D07845957F0}.Release|Any CPU.ActiveCfg = Release|Any CPU
		{94C4C42D-6FFD-46DA-9754-6D07845957F0}.Release|Any CPU.Build.0 = Release|Any CPU
	EndGlobalSection
	GlobalSection(SolutionProperties) = preSolution
		HideSolutionNode = FALSE
	EndGlobalSection
	GlobalSection(ExtensibilityGlobals) = postSolution
		SolutionGuid = {C9164A73-62C9-4A74-BC28-C273B177324C}
	EndGlobalSection
EndGlobal
