
Microsoft Visual Studio Solution File, Format Version 12.00
# Visual Studio Version 16
VisualStudioVersion = 16.0.30907.101
MinimumVisualStudioVersion = 10.0.40219.1
Project("{FAE04EC0-301F-11D3-BF4B-00C04F79EFBC}") = "FrontEndJesperPersson", "FrontEndJesperPersson\FrontEndJesperPersson.csproj", "{080D07B7-FFD5-4954-838B-472751A8A7CB}"
EndProject
Project("{9A19103F-16F7-4668-BE54-9A1E7A4F7556}") = "WebbShopJesperPersson", "..\WebbShopJesperPersson-master\WebbShopJesperPersson-master\WebbShopJesperPersson\WebbShopJesperPersson.csproj", "{D149CF5E-E7B1-4419-B28B-81612531DDF0}"
EndProject
Global
	GlobalSection(SolutionConfigurationPlatforms) = preSolution
		Debug|Any CPU = Debug|Any CPU
		Release|Any CPU = Release|Any CPU
	EndGlobalSection
	GlobalSection(ProjectConfigurationPlatforms) = postSolution
		{080D07B7-FFD5-4954-838B-472751A8A7CB}.Debug|Any CPU.ActiveCfg = Debug|Any CPU
		{080D07B7-FFD5-4954-838B-472751A8A7CB}.Debug|Any CPU.Build.0 = Debug|Any CPU
		{080D07B7-FFD5-4954-838B-472751A8A7CB}.Release|Any CPU.ActiveCfg = Release|Any CPU
		{080D07B7-FFD5-4954-838B-472751A8A7CB}.Release|Any CPU.Build.0 = Release|Any CPU
		{D149CF5E-E7B1-4419-B28B-81612531DDF0}.Debug|Any CPU.ActiveCfg = Debug|Any CPU
		{D149CF5E-E7B1-4419-B28B-81612531DDF0}.Debug|Any CPU.Build.0 = Debug|Any CPU
		{D149CF5E-E7B1-4419-B28B-81612531DDF0}.Release|Any CPU.ActiveCfg = Release|Any CPU
		{D149CF5E-E7B1-4419-B28B-81612531DDF0}.Release|Any CPU.Build.0 = Release|Any CPU
	EndGlobalSection
	GlobalSection(SolutionProperties) = preSolution
		HideSolutionNode = FALSE
	EndGlobalSection
	GlobalSection(ExtensibilityGlobals) = postSolution
		SolutionGuid = {B963390B-1F5E-4532-8D4C-657BE72BDE35}
	EndGlobalSection
EndGlobal
