
Microsoft Visual Studio Solution File, Format Version 12.00
# Visual Studio Version 16
VisualStudioVersion = 16.0.31025.194
MinimumVisualStudioVersion = 10.0.40219.1
Project("{FAE04EC0-301F-11D3-BF4B-00C04F79EFBC}") = "WebbShopAPI", "WebbShopAPI.csproj", "{70D4500C-E8EF-4852-97EA-95DED4779A25}"
EndProject
Global
	GlobalSection(SolutionConfigurationPlatforms) = preSolution
		Debug|Any CPU = Debug|Any CPU
		Release|Any CPU = Release|Any CPU
	EndGlobalSection
	GlobalSection(ProjectConfigurationPlatforms) = postSolution
		{70D4500C-E8EF-4852-97EA-95DED4779A25}.Debug|Any CPU.ActiveCfg = Debug|Any CPU
		{70D4500C-E8EF-4852-97EA-95DED4779A25}.Debug|Any CPU.Build.0 = Debug|Any CPU
		{70D4500C-E8EF-4852-97EA-95DED4779A25}.Release|Any CPU.ActiveCfg = Release|Any CPU
		{70D4500C-E8EF-4852-97EA-95DED4779A25}.Release|Any CPU.Build.0 = Release|Any CPU
	EndGlobalSection
	GlobalSection(SolutionProperties) = preSolution
		HideSolutionNode = FALSE
	EndGlobalSection
	GlobalSection(ExtensibilityGlobals) = postSolution
		SolutionGuid = {33FF7F9B-EC51-4C15-A13E-8D6E9FE9224B}
	EndGlobalSection
EndGlobal
