
Microsoft Visual Studio Solution File, Format Version 12.00
# Visual Studio Version 16
VisualStudioVersion = 16.0.30907.101
MinimumVisualStudioVersion = 10.0.40219.1
Project("{FAE04EC0-301F-11D3-BF4B-00C04F79EFBC}") = "WebbShopAPI", "WebbShopAPI\WebbShopAPI.csproj", "{CC426F6D-B3A5-4735-A5D0-98A66E7363DC}"
EndProject
Global
	GlobalSection(SolutionConfigurationPlatforms) = preSolution
		Debug|Any CPU = Debug|Any CPU
		Release|Any CPU = Release|Any CPU
	EndGlobalSection
	GlobalSection(ProjectConfigurationPlatforms) = postSolution
		{CC426F6D-B3A5-4735-A5D0-98A66E7363DC}.Debug|Any CPU.ActiveCfg = Debug|Any CPU
		{CC426F6D-B3A5-4735-A5D0-98A66E7363DC}.Debug|Any CPU.Build.0 = Debug|Any CPU
		{CC426F6D-B3A5-4735-A5D0-98A66E7363DC}.Release|Any CPU.ActiveCfg = Release|Any CPU
		{CC426F6D-B3A5-4735-A5D0-98A66E7363DC}.Release|Any CPU.Build.0 = Release|Any CPU
	EndGlobalSection
	GlobalSection(SolutionProperties) = preSolution
		HideSolutionNode = FALSE
	EndGlobalSection
	GlobalSection(ExtensibilityGlobals) = postSolution
		SolutionGuid = {57219D8D-41BF-4868-96F5-7AFFE303E32E}
	EndGlobalSection
EndGlobal
