
Microsoft Visual Studio Solution File, Format Version 12.00
# Visual Studio Version 16
VisualStudioVersion = 16.0.31105.61
MinimumVisualStudioVersion = 10.0.40219.1
Project("{FAE04EC0-301F-11D3-BF4B-00C04F79EFBC}") = "Inlämning1", "Inlämning1\Inlämning1.csproj", "{425CC388-9BB7-413E-A429-0FF74C6BED71}"
EndProject
Project("{FAE04EC0-301F-11D3-BF4B-00C04F79EFBC}") = "InlämningTests", "InlämningTests\InlämningTests.csproj", "{CDC483CB-B094-44A6-965D-9995826D9337}"
EndProject
Global
	GlobalSection(SolutionConfigurationPlatforms) = preSolution
		Debug|Any CPU = Debug|Any CPU
		Release|Any CPU = Release|Any CPU
	EndGlobalSection
	GlobalSection(ProjectConfigurationPlatforms) = postSolution
		{425CC388-9BB7-413E-A429-0FF74C6BED71}.Debug|Any CPU.ActiveCfg = Debug|Any CPU
		{425CC388-9BB7-413E-A429-0FF74C6BED71}.Debug|Any CPU.Build.0 = Debug|Any CPU
		{425CC388-9BB7-413E-A429-0FF74C6BED71}.Release|Any CPU.ActiveCfg = Release|Any CPU
		{425CC388-9BB7-413E-A429-0FF74C6BED71}.Release|Any CPU.Build.0 = Release|Any CPU
		{CDC483CB-B094-44A6-965D-9995826D9337}.Debug|Any CPU.ActiveCfg = Debug|Any CPU
		{CDC483CB-B094-44A6-965D-9995826D9337}.Debug|Any CPU.Build.0 = Debug|Any CPU
		{CDC483CB-B094-44A6-965D-9995826D9337}.Release|Any CPU.ActiveCfg = Release|Any CPU
		{CDC483CB-B094-44A6-965D-9995826D9337}.Release|Any CPU.Build.0 = Release|Any CPU
	EndGlobalSection
	GlobalSection(SolutionProperties) = preSolution
		HideSolutionNode = FALSE
	EndGlobalSection
	GlobalSection(ExtensibilityGlobals) = postSolution
		SolutionGuid = {51EDE774-344C-4464-B819-12FD66003924}
	EndGlobalSection
EndGlobal
