
Microsoft Visual Studio Solution File, Format Version 12.00
# Visual Studio Version 16
VisualStudioVersion = 16.0.31019.35
MinimumVisualStudioVersion = 10.0.40219.1
Project("{9A19103F-16F7-4668-BE54-9A1E7A4F7556}") = "WebbShop", "WebbShop\WebbShop.csproj", "{B26BD04E-9D85-4F10-985C-52209AC5BAFC}"
EndProject
Project("{FAE04EC0-301F-11D3-BF4B-00C04F79EFBC}") = "WebbShopMenu", "WebbShopMenu\WebbShopMenu.csproj", "{6CB44348-9AAC-419E-A6D0-DF51C72995DC}"
EndProject
Global
	GlobalSection(SolutionConfigurationPlatforms) = preSolution
		Debug|Any CPU = Debug|Any CPU
		Release|Any CPU = Release|Any CPU
	EndGlobalSection
	GlobalSection(ProjectConfigurationPlatforms) = postSolution
		{B26BD04E-9D85-4F10-985C-52209AC5BAFC}.Debug|Any CPU.ActiveCfg = Debug|Any CPU
		{B26BD04E-9D85-4F10-985C-52209AC5BAFC}.Debug|Any CPU.Build.0 = Debug|Any CPU
		{B26BD04E-9D85-4F10-985C-52209AC5BAFC}.Release|Any CPU.ActiveCfg = Release|Any CPU
		{B26BD04E-9D85-4F10-985C-52209AC5BAFC}.Release|Any CPU.Build.0 = Release|Any CPU
		{6CB44348-9AAC-419E-A6D0-DF51C72995DC}.Debug|Any CPU.ActiveCfg = Debug|Any CPU
		{6CB44348-9AAC-419E-A6D0-DF51C72995DC}.Debug|Any CPU.Build.0 = Debug|Any CPU
		{6CB44348-9AAC-419E-A6D0-DF51C72995DC}.Release|Any CPU.ActiveCfg = Release|Any CPU
		{6CB44348-9AAC-419E-A6D0-DF51C72995DC}.Release|Any CPU.Build.0 = Release|Any CPU
	EndGlobalSection
	GlobalSection(SolutionProperties) = preSolution
		HideSolutionNode = FALSE
	EndGlobalSection
	GlobalSection(ExtensibilityGlobals) = postSolution
		SolutionGuid = {B92A9F09-A60E-44F1-B525-68FD3294C058}
	EndGlobalSection
EndGlobal
