
Microsoft Visual Studio Solution File, Format Version 12.00
# Visual Studio Version 16
VisualStudioVersion = 16.0.31019.35
MinimumVisualStudioVersion = 10.0.40219.1
Project("{FAE04EC0-301F-11D3-BF4B-00C04F79EFBC}") = "WebshopApi", "WebshopApi\WebshopApi.csproj", "{EABA4C0A-F94C-4B3E-9223-6057E8639BEF}"
EndProject
Global
	GlobalSection(SolutionConfigurationPlatforms) = preSolution
		Debug|Any CPU = Debug|Any CPU
		Release|Any CPU = Release|Any CPU
	EndGlobalSection
	GlobalSection(ProjectConfigurationPlatforms) = postSolution
		{EABA4C0A-F94C-4B3E-9223-6057E8639BEF}.Debug|Any CPU.ActiveCfg = Debug|Any CPU
		{EABA4C0A-F94C-4B3E-9223-6057E8639BEF}.Debug|Any CPU.Build.0 = Debug|Any CPU
		{EABA4C0A-F94C-4B3E-9223-6057E8639BEF}.Release|Any CPU.ActiveCfg = Release|Any CPU
		{EABA4C0A-F94C-4B3E-9223-6057E8639BEF}.Release|Any CPU.Build.0 = Release|Any CPU
	EndGlobalSection
	GlobalSection(SolutionProperties) = preSolution
		HideSolutionNode = FALSE
	EndGlobalSection
	GlobalSection(ExtensibilityGlobals) = postSolution
		SolutionGuid = {B7DB0E1E-CBD6-4BB7-B047-D64DE9FD3F9A}
	EndGlobalSection
EndGlobal
